
Microsoft Visual Studio Solution File, Format Version 12.00
# Visual Studio 15
VisualStudioVersion = 15.0.28010.2036
MinimumVisualStudioVersion = 10.0.40219.1
Project("{FAE04EC0-301F-11D3-BF4B-00C04F79EFBC}") = "Hacienda.Task.Repository", "Hacienda.Task.Repository\Hacienda.Task.Repository.csproj", "{F43B2DD2-49BA-449B-9405-AC363305F15E}"
EndProject
Global
	GlobalSection(SolutionConfigurationPlatforms) = preSolution
		Debug|Any CPU = Debug|Any CPU
		Release|Any CPU = Release|Any CPU
	EndGlobalSection
	GlobalSection(ProjectConfigurationPlatforms) = postSolution
		{F43B2DD2-49BA-449B-9405-AC363305F15E}.Debug|Any CPU.ActiveCfg = Debug|Any CPU
		{F43B2DD2-49BA-449B-9405-AC363305F15E}.Debug|Any CPU.Build.0 = Debug|Any CPU
		{F43B2DD2-49BA-449B-9405-AC363305F15E}.Release|Any CPU.ActiveCfg = Release|Any CPU
		{F43B2DD2-49BA-449B-9405-AC363305F15E}.Release|Any CPU.Build.0 = Release|Any CPU
	EndGlobalSection
	GlobalSection(SolutionProperties) = preSolution
		HideSolutionNode = FALSE
	EndGlobalSection
	GlobalSection(ExtensibilityGlobals) = postSolution
		SolutionGuid = {10C46B8B-2AB1-4F1B-B125-DBB162279503}
	EndGlobalSection
EndGlobal
